
Microsoft Visual Studio Solution File, Format Version 12.00
# Visual Studio Version 16
VisualStudioVersion = 16.0.29519.87
MinimumVisualStudioVersion = 10.0.40219.1
Project("{FAE04EC0-301F-11D3-BF4B-00C04F79EFBC}") = "ClassLibrary1", "ClassLibrary1\ClassLibrary1.csproj", "{7ED3D943-B687-4633-8EAF-79E7AD91E754}"
EndProject
Global
	GlobalSection(SolutionConfigurationPlatforms) = preSolution
		Debug|Any CPU = Debug|Any CPU
		Release|Any CPU = Release|Any CPU
	EndGlobalSection
	GlobalSection(ProjectConfigurationPlatforms) = postSolution
		{7ED3D943-B687-4633-8EAF-79E7AD91E754}.Debug|Any CPU.ActiveCfg = Debug|Any CPU
		{7ED3D943-B687-4633-8EAF-79E7AD91E754}.Debug|Any CPU.Build.0 = Debug|Any CPU
		{7ED3D943-B687-4633-8EAF-79E7AD91E754}.Release|Any CPU.ActiveCfg = Release|Any CPU
		{7ED3D943-B687-4633-8EAF-79E7AD91E754}.Release|Any CPU.Build.0 = Release|Any CPU
	EndGlobalSection
	GlobalSection(SolutionProperties) = preSolution
		HideSolutionNode = FALSE
	EndGlobalSection
	GlobalSection(ExtensibilityGlobals) = postSolution
		SolutionGuid = {2E82D29E-82B4-4E6F-8BA8-86985F102A12}
	EndGlobalSection
EndGlobal
